
Microsoft Visual Studio Solution File, Format Version 12.00
Project("{FAE04EC0-301F-11D3-BF4B-00C04F79EFBC}") = "s-des", "s-des\s-des.csproj", "{BC12CA1B-C6F2-4571-8239-1AD5F157520E}"
EndProject
Project("{FAE04EC0-301F-11D3-BF4B-00C04F79EFBC}") = "api", "api\api.csproj", "{CAABED11-985E-420B-9375-193F1FD29E4E}"
EndProject
Global
	GlobalSection(SolutionConfigurationPlatforms) = preSolution
		Debug|Any CPU = Debug|Any CPU
		Release|Any CPU = Release|Any CPU
	EndGlobalSection
	GlobalSection(ProjectConfigurationPlatforms) = postSolution
		{BC12CA1B-C6F2-4571-8239-1AD5F157520E}.Debug|Any CPU.ActiveCfg = Debug|Any CPU
		{BC12CA1B-C6F2-4571-8239-1AD5F157520E}.Debug|Any CPU.Build.0 = Debug|Any CPU
		{BC12CA1B-C6F2-4571-8239-1AD5F157520E}.Release|Any CPU.ActiveCfg = Release|Any CPU
		{BC12CA1B-C6F2-4571-8239-1AD5F157520E}.Release|Any CPU.Build.0 = Release|Any CPU
		{CAABED11-985E-420B-9375-193F1FD29E4E}.Debug|Any CPU.ActiveCfg = Debug|Any CPU
		{CAABED11-985E-420B-9375-193F1FD29E4E}.Debug|Any CPU.Build.0 = Debug|Any CPU
		{CAABED11-985E-420B-9375-193F1FD29E4E}.Release|Any CPU.ActiveCfg = Release|Any CPU
		{CAABED11-985E-420B-9375-193F1FD29E4E}.Release|Any CPU.Build.0 = Release|Any CPU
	EndGlobalSection
EndGlobal
